
Microsoft Visual Studio Solution File, Format Version 12.00
# Visual Studio 15
Project("{FAE04EC0-301F-11D3-BF4B-00C04F79EFBC}") = "Assembly-CSharp", "Assembly-CSharp.csproj", "{D3F91D10-6F2A-B0A6-D322-E4F833EEF54E}"
EndProject
Global
	GlobalSection(SolutionConfigurationPlatforms) = preSolution
		Debug|Any CPU = Debug|Any CPU
		Release|Any CPU = Release|Any CPU
	EndGlobalSection
	GlobalSection(ProjectConfigurationPlatforms) = postSolution
		{D3F91D10-6F2A-B0A6-D322-E4F833EEF54E}.Debug|Any CPU.ActiveCfg = Debug|Any CPU
		{D3F91D10-6F2A-B0A6-D322-E4F833EEF54E}.Debug|Any CPU.Build.0 = Debug|Any CPU
		{D3F91D10-6F2A-B0A6-D322-E4F833EEF54E}.Release|Any CPU.ActiveCfg = Release|Any CPU
		{D3F91D10-6F2A-B0A6-D322-E4F833EEF54E}.Release|Any CPU.Build.0 = Release|Any CPU
	EndGlobalSection
	GlobalSection(SolutionProperties) = preSolution
		HideSolutionNode = FALSE
	EndGlobalSection
EndGlobal
